
Microsoft Visual Studio Solution File, Format Version 12.00
# Visual Studio Version 16
VisualStudioVersion = 16.0.31410.357
MinimumVisualStudioVersion = 10.0.40219.1
Project("{9A19103F-16F7-4668-BE54-9A1E7A4F7556}") = "ChemistApp", "ChemistApp\ChemistApp.csproj", "{AC7C1784-B8A2-44ED-9172-8050DEB607A3}"
EndProject
Project("{9A19103F-16F7-4668-BE54-9A1E7A4F7556}") = "Entities", "Entities\Entities.csproj", "{F5E14735-EEBB-4B7C-B71B-68B979993E5B}"
EndProject
Project("{FAE04EC0-301F-11D3-BF4B-00C04F79EFBC}") = "DataAccess", "DataAccess\DataAccess.csproj", "{668ED4EB-7ECF-4E19-B922-F9F1F0254B5C}"
EndProject
Global
	GlobalSection(SolutionConfigurationPlatforms) = preSolution
		Debug|Any CPU = Debug|Any CPU
		Release|Any CPU = Release|Any CPU
	EndGlobalSection
	GlobalSection(ProjectConfigurationPlatforms) = postSolution
		{AC7C1784-B8A2-44ED-9172-8050DEB607A3}.Debug|Any CPU.ActiveCfg = Debug|Any CPU
		{AC7C1784-B8A2-44ED-9172-8050DEB607A3}.Debug|Any CPU.Build.0 = Debug|Any CPU
		{AC7C1784-B8A2-44ED-9172-8050DEB607A3}.Release|Any CPU.ActiveCfg = Release|Any CPU
		{AC7C1784-B8A2-44ED-9172-8050DEB607A3}.Release|Any CPU.Build.0 = Release|Any CPU
		{F5E14735-EEBB-4B7C-B71B-68B979993E5B}.Debug|Any CPU.ActiveCfg = Debug|Any CPU
		{F5E14735-EEBB-4B7C-B71B-68B979993E5B}.Debug|Any CPU.Build.0 = Debug|Any CPU
		{F5E14735-EEBB-4B7C-B71B-68B979993E5B}.Release|Any CPU.ActiveCfg = Release|Any CPU
		{F5E14735-EEBB-4B7C-B71B-68B979993E5B}.Release|Any CPU.Build.0 = Release|Any CPU
		{668ED4EB-7ECF-4E19-B922-F9F1F0254B5C}.Debug|Any CPU.ActiveCfg = Debug|Any CPU
		{668ED4EB-7ECF-4E19-B922-F9F1F0254B5C}.Debug|Any CPU.Build.0 = Debug|Any CPU
		{668ED4EB-7ECF-4E19-B922-F9F1F0254B5C}.Release|Any CPU.ActiveCfg = Release|Any CPU
		{668ED4EB-7ECF-4E19-B922-F9F1F0254B5C}.Release|Any CPU.Build.0 = Release|Any CPU
	EndGlobalSection
	GlobalSection(SolutionProperties) = preSolution
		HideSolutionNode = FALSE
	EndGlobalSection
	GlobalSection(ExtensibilityGlobals) = postSolution
		SolutionGuid = {090DD51F-02D2-4888-A215-0E06378B8CA2}
	EndGlobalSection
EndGlobal
